// !$*UTF8*$!
{
	archiveVersion = 1;
	classes = {
	};
	objectVersion = 46;
	objects = {

/* Begin PBXBuildFile section */
		1820F71C1E6E406000675CFF /* Rating Control.swift in Sources */ = {isa = PBXBuildFile; fileRef = 1820F71B1E6E406000675CFF /* Rating Control.swift */; };
		1856B4AA1E5A7DD80085B82E /* AppDelegate.swift in Sources */ = {isa = PBXBuildFile; fileRef = 1856B4A91E5A7DD80085B82E /* AppDelegate.swift */; };
		1856B4AC1E5A7DD80085B82E /* ViewController.swift in Sources */ = {isa = PBXBuildFile; fileRef = 1856B4AB1E5A7DD80085B82E /* ViewController.swift */; };
		1856B4AF1E5A7DD80085B82E /* Main.storyboard in Resources */ = {isa = PBXBuildFile; fileRef = 1856B4AD1E5A7DD80085B82E /* Main.storyboard */; };
		1856B4B11E5A7DD80085B82E /* Assets.xcassets in Resources */ = {isa = PBXBuildFile; fileRef = 1856B4B01E5A7DD80085B82E /* Assets.xcassets */; };
		1856B4B41E5A7DD80085B82E /* LaunchScreen.storyboard in Resources */ = {isa = PBXBuildFile; fileRef = 1856B4B21E5A7DD80085B82E /* LaunchScreen.storyboard */; };
/* End PBXBuildFile section */

/* Begin PBXFileReference section */
		1820F71B1E6E406000675CFF /* Rating Control.swift */ = {isa = PBXFileReference; fileEncoding = 4; lastKnownFileType = sourcecode.swift; path = "Rating Control.swift"; sourceTree = "<group>"; };
		1856B4A61E5A7DD80085B82E /* Foodie.app */ = {isa = PBXFileReference; explicitFileType = wrapper.application; includeInIndex = 0; path = Foodie.app; sourceTree = BUILT_PRODUCTS_DIR; };
		1856B4A91E5A7DD80085B82E /* AppDelegate.swift */ = {isa = PBXFileReference; lastKnownFileType = sourcecode.swift; path = AppDelegate.swift; sourceTree = "<group>"; };
		1856B4AB1E5A7DD80085B82E /* ViewController.swift */ = {isa = PBXFileReference; lastKnownFileType = sourcecode.swift; path = ViewController.swift; sourceTree = "<group>"; };
		1856B4AE1E5A7DD80085B82E /* Base */ = {isa = PBXFileReference; lastKnownFileType = file.storyboard; name = Base; path = Base.lproj/Main.storyboard; sourceTree = "<group>"; };
		1856B4B01E5A7DD80085B82E /* Assets.xcassets */ = {isa = PBXFileReference; lastKnownFileType = folder.assetcatalog; path = Assets.xcassets; sourceTree = "<group>"; };
		1856B4B31E5A7DD80085B82E /* Base */ = {isa = PBXFileReference; lastKnownFileType = file.storyboard; name = Base; path = Base.lproj/LaunchScreen.storyboard; sourceTree = "<group>"; };
		1856B4B51E5A7DD80085B82E /* Info.plist */ = {isa = PBXFileReference; lastKnownFileType = text.plist.xml; path = Info.plist; sourceTree = "<group>"; };
/* End PBXFileReference section */

/* Begin PBXFrameworksBuildPhase section */
		1856B4A31E5A7DD80085B82E /* Frameworks */ = {
			isa = PBXFrameworksBuildPhase;
			buildActionMask = 2147483647;
			files = (
			);
			runOnlyForDeploymentPostprocessing = 0;
		};
/* End PBXFrameworksBuildPhase section */

/* Begin PBXGroup section */
		1856B49D1E5A7DD80085B82E = {
			isa = PBXGroup;
			children = (
				1820F71B1E6E406000675CFF /* Rating Control.swift */,
				1856B4A81E5A7DD80085B82E /* Foodie */,
				1856B4A71E5A7DD80085B82E /* Products */,
			);
			sourceTree = "<group>";
		};
		1856B4A71E5A7DD80085B82E /* Products */ = {
			isa = PBXGroup;
			children = (
				1856B4A61E5A7DD80085B82E /* Foodie.app */,
			);
			name = Products;
			sourceTree = "<group>";
		};
		1856B4A81E5A7DD80085B82E /* Foodie */ = {
			isa = PBXGroup;
			children = (
				1856B4A91E5A7DD80085B82E /* AppDelegate.swift */,
				1856B4AB1E5A7DD80085B82E /* ViewController.swift */,
				1856B4AD1E5A7DD80085B82E /* Main.storyboard */,
				1856B4B01E5A7DD80085B82E /* Assets.xcassets */,
				1856B4B21E5A7DD80085B82E /* LaunchScreen.storyboard */,
				1856B4B51E5A7DD80085B82E /* Info.plist */,
			);
			path = Foodie;
			sourceTree = "<group>";
		};
/* End PBXGroup section */

/* Begin PBXNativeTarget section */
		1856B4A51E5A7DD80085B82E /* Foodie */ = {
			isa = PBXNativeTarget;
			buildConfigurationList = 1856B4B81E5A7DD80085B82E /* Build configuration list for PBXNativeTarget "Foodie" */;
			buildPhases = (
				1856B4A21E5A7DD80085B82E /* Sources */,
				1856B4A31E5A7DD80085B82E /* Frameworks */,
				1856B4A41E5A7DD80085B82E /* Resources */,
			);
			buildRules = (
			);
			dependencies = (
			);
			name = Foodie;
			productName = Foodie;
			productReference = 1856B4A61E5A7DD80085B82E /* Foodie.app */;
			productType = "com.apple.product-type.application";
		};
/* End PBXNativeTarget section */

/* Begin PBXProject section */
		1856B49E1E5A7DD80085B82E /* Project object */ = {
			isa = PBXProject;
			attributes = {
				LastSwiftUpdateCheck = 0820;
				LastUpgradeCheck = 0820;
				ORGANIZATIONNAME = "Rishabh Bhandari";
				TargetAttributes = {
					1856B4A51E5A7DD80085B82E = {
						CreatedOnToolsVersion = 8.2.1;
						DevelopmentTeam = 8YU3GVGEA4;
						ProvisioningStyle = Automatic;
					};
				};
			};
			buildConfigurationList = 1856B4A11E5A7DD80085B82E /* Build configuration list for PBXProject "Foodie" */;
			compatibilityVersion = "Xcode 3.2";
			developmentRegion = English;
			hasScannedForEncodings = 0;
			knownRegions = (
				en,
				Base,
			);
			mainGroup = 1856B49D1E5A7DD80085B82E;
			productRefGroup = 1856B4A71E5A7DD80085B82E /* Products */;
			projectDirPath = "";
			projectRoot = "";
			targets = (
				1856B4A51E5A7DD80085B82E /* Foodie */,
			);
		};
/* End PBXProject section */

/* Begin PBXResourcesBuildPhase section */
		1856B4A41E5A7DD80085B82E /* Resources */ = {
			isa = PBXResourcesBuildPhase;
			buildActionMask = 2147483647;
			files = (
				1856B4B41E5A7DD80085B82E /* LaunchScreen.storyboard in Resources */,
				1856B4B11E5A7DD80085B82E /* Assets.xcassets in Resources */,
				1856B4AF1E5A7DD80085B82E /* Main.storyboard in Resources */,
			);
			runOnlyForDeploymentPostprocessing = 0;
		};
/* End PBXResourcesBuildPhase section */

/* Begin PBXSourcesBuildPhase section */
		1856B4A21E5A7DD80085B82E /* Sources */ = {
			isa = PBXSourcesBuildPhase;
			buildActionMask = 2147483647;
			files = (
				1856B4AC1E5A7DD80085B82E /* ViewController.swift in Sources */,
				1856B4AA1E5A7DD80085B82E /* AppDelegate.swift in Sources */,
				1820F71C1E6E406000675CFF /* Rating Control.swift in Sources */,
			);
			runOnlyForDeploymentPostprocessing = 0;
		};
/* End PBXSourcesBuildPhase section */

/* Begin PBXVariantGroup section */
		1856B4AD1E5A7DD80085B82E /* Main.storyboard */ = {
			isa = PBXVariantGroup;
			children = (
				1856B4AE1E5A7DD80085B82E /* Base */,
			);
			name = Main.storyboard;
			sourceTree = "<group>";
		};
		1856B4B21E5A7DD80085B82E /* LaunchScreen.storyboard */ = {
			isa = PBXVariantGroup;
			children = (
				1856B4B31E5A7DD80085B82E /* Base */,
			);
			name = LaunchScreen.storyboard;
			sourceTree = "<group>";
		};
/* End PBXVariantGroup section */

/* Begin XCBuildConfiguration section */
		1856B4B61E5A7DD80085B82E /* Debug */ = {
			isa = XCBuildConfiguration;
			buildSettings = {
				ALWAYS_SEARCH_USER_PATHS = NO;
				CLANG_ANALYZER_NONNULL = YES;
				CLANG_CXX_LANGUAGE_STANDARD = "gnu++0x";
				CLANG_CXX_LIBRARY = "libc++";
				CLANG_ENABLE_MODULES = YES;
				CLANG_ENABLE_OBJC_ARC = YES;
				CLANG_WARN_BOOL_CONVERSION = YES;
				CLANG_WARN_CONSTANT_CONVERSION = YES;
				CLANG_WARN_DIRECT_OBJC_ISA_USAGE = YES_ERROR;
				CLANG_WARN_DOCUMENTATION_COMMENTS = YES;
				CLANG_WARN_EMPTY_BODY = YES;
				CLANG_WARN_ENUM_CONVERSION = YES;
				CLANG_WARN_INFINITE_RECURSION = YES;
				CLANG_WARN_INT_CONVERSION = YES;
				CLANG_WARN_OBJC_ROOT_CLASS = YES_ERROR;
				CLANG_WARN_SUSPICIOUS_MOVE = YES;
				CLANG_WARN_UNREACHABLE_CODE = YES;
				CLANG_WARN__DUPLICATE_METHOD_MATCH = YES;
				"CODE_SIGN_IDENTITY[sdk=iphoneos*]" = "iPhone Developer";
				COPY_PHASE_STRIP = NO;
				DEBUG_INFORMATION_FORMAT = dwarf;
				ENABLE_STRICT_OBJC_MSGSEND = YES;
				ENABLE_TESTABILITY = YES;
				GCC_C_LANGUAGE_STANDARD = gnu99;
				GCC_DYNAMIC_NO_PIC = NO;
				GCC_NO_COMMON_BLOCKS = YES;
				GCC_OPTIMIZATION_LEVEL = 0;
				GCC_PREPROCESSOR_DEFINITIONS = (
					"DEBUG=1",
					"$(inherited)",
				);
				GCC_WARN_64_TO_32_BIT_CONVERSION = YES;
				GCC_WARN_ABOUT_RETURN_TYPE = YES_ERROR;
				GCC_WARN_UNDECLARED_SELECTOR = YES;
				GCC_WARN_UNINITIALIZED_AUTOS = YES_AGGRESSIVE;
				GCC_WARN_UNUSED_FUNCTION = YES;
				GCC_WARN_UNUSED_VARIABLE = YES;
				IPHONEOS_DEPLOYMENT_TARGET = 10.2;
				MTL_ENABLE_DEBUG_INFO = YES;
				ONLY_ACTIVE_ARCH = YES;
				SDKROOT = iphoneos;
				SWIFT_ACTIVE_COMPILATION_CONDITIONS = DEBUG;
				SWIFT_OPTIMIZATION_LEVEL = "-Onone";
				TARGETED_DEVICE_FAMILY = "1,2";
			};
			name = Debug;
		};
		1856B4B71E5A7DD80085B82E /* Release */ = {
			isa = XCBuildConfiguration;
			buildSettings = {
				ALWAYS_SEARCH_USER_PATHS = NO;
				CLANG_ANALYZER_NONNULL = YES;
				CLANG_CXX_LANGUAGE_STANDARD = "gnu++0x";
				CLANG_CXX_LIBRARY = "libc++";
				CLANG_ENABLE_MODULES = YES;
				CLANG_ENABLE_OBJC_ARC = YES;
				CLANG_WARN_BOOL_CONVERSION = YES;
				CLANG_WARN_CONSTANT_CONVERSION = YES;
				CLANG_WARN_DIRECT_OBJC_ISA_USAGE = YES_ERROR;
				CLANG_WARN_DOCUMENTATION_COMMENTS = YES;
				CLANG_WARN_EMPTY_BODY = YES;
				CLANG_WARN_ENUM_CONVERSION = YES;
				CLANG_WARN_INFINITE_RECURSION = YES;
				CLANG_WARN_INT_CONVERSION = YES;
				CLANG_WARN_OBJC_ROOT_CLASS = YES_ERROR;
				CLANG_WARN_SUSPICIOUS_MOVE = YES;
				CLANG_WARN_UNREACHABLE_CODE = YES;
				CLANG_WARN__DUPLICATE_METHOD_MATCH = YES;
				"CODE_SIGN_IDENTITY[sdk=iphoneos*]" = "iPhone Developer";
				COPY_PHASE_STRIP = NO;
				DEBUG_INFORMATION_FORMAT = "dwarf-with-dsym";
				ENABLE_NS_ASSERTIONS = NO;
				ENABLE_STRICT_OBJC_MSGSEND = YES;
				GCC_C_LANGUAGE_STANDARD = gnu99;
				GCC_NO_COMMON_BLOCKS = YES;
				GCC_WARN_64_TO_32_BIT_CONVERSION = YES;
				GCC_WARN_ABOUT_RETURN_TYPE = YES_ERROR;
				GCC_WARN_UNDECLARED_SELECTOR = YES;
				GCC_WARN_UNINITIALIZED_AUTOS = YES_AGGRESSIVE;
				GCC_WARN_UNUSED_FUNCTION = YES;
				GCC_WARN_UNUSED_VARIABLE = YES;
				IPHONEOS_DEPLOYMENT_TARGET = 10.2;
				MTL_ENABLE_DEBUG_INFO = NO;
				SDKROOT = iphoneos;
				SWIFT_OPTIMIZATION_LEVEL = "-Owholemodule";
				TARGETED_DEVICE_FAMILY = "1,2";
				VALIDATE_PRODUCT = YES;
			};
			name = Release;
		};
		1856B4B91E5A7DD80085B82E /* Debug */ = {
			isa = XCBuildConfiguration;
			buildSettings = {
				ASSETCATALOG_COMPILER_APPICON_NAME = AppIcon;
				DEVELOPMENT_TEAM = 8YU3GVGEA4;
				INFOPLIST_FILE = Foodie/Info.plist;
				LD_RUNPATH_SEARCH_PATHS = "$(inherited) @executable_path/Frameworks";
				PRODUCT_BUNDLE_IDENTIFIER = com.orion.Foodie;
				PRODUCT_NAME = "$(TARGET_NAME)";
				SWIFT_VERSION = 3.0;
			};
			name = Debug;
		};
		1856B4BA1E5A7DD80085B82E /* Release */ = {
			isa = XCBuildConfiguration;
			buildSettings = {
				ASSETCATALOG_COMPILER_APPICON_NAME = AppIcon;
				DEVELOPMENT_TEAM = 8YU3GVGEA4;
				INFOPLIST_FILE = Foodie/Info.plist;
				LD_RUNPATH_SEARCH_PATHS = "$(inherited) @executable_path/Frameworks";
				PRODUCT_BUNDLE_IDENTIFIER = com.orion.Foodie;
				PRODUCT_NAME = "$(TARGET_NAME)";
				SWIFT_VERSION = 3.0;
			};
			name = Release;
		};
/* End XCBuildConfiguration section */

/* Begin XCConfigurationList section */
		1856B4A11E5A7DD80085B82E /* Build configuration list for PBXProject "Foodie" */ = {
			isa = XCConfigurationList;
			buildConfigurations = (
				1856B4B61E5A7DD80085B82E /* Debug */,
				1856B4B71E5A7DD80085B82E /* Release */,
			);
			defaultConfigurationIsVisible = 0;
			defaultConfigurationName = Release;
		};
		1856B4B81E5A7DD80085B82E /* Build configuration list for PBXNativeTarget "Foodie" */ = {
			isa = XCConfigurationList;
			buildConfigurations = (
				1856B4B91E5A7DD80085B82E /* Debug */,
				1856B4BA1E5A7DD80085B82E /* Release */,
			);
			defaultConfigurationIsVisible = 0;
			defaultConfigurationName = Release;
		};
/* End XCConfigurationList section */
	};
	rootObject = 1856B49E1E5A7DD80085B82E /* Project object */;
}
