// !$*UTF8*$!
{
	archiveVersion = 1;
	classes = {
	};
	objectVersion = 46;
	objects = {

/* Begin PBXBuildFile section */
		181369EE1E4E53890015FA8C /* AppDelegate.swift in Sources */ = {isa = PBXBuildFile; fileRef = 181369ED1E4E53890015FA8C /* AppDelegate.swift */; };
		181369F01E4E53890015FA8C /* ViewController.swift in Sources */ = {isa = PBXBuildFile; fileRef = 181369EF1E4E53890015FA8C /* ViewController.swift */; };
		181369F31E4E53890015FA8C /* Main.storyboard in Resources */ = {isa = PBXBuildFile; fileRef = 181369F11E4E53890015FA8C /* Main.storyboard */; };
		181369F51E4E53890015FA8C /* Assets.xcassets in Resources */ = {isa = PBXBuildFile; fileRef = 181369F41E4E53890015FA8C /* Assets.xcassets */; };
		181369F81E4E53890015FA8C /* LaunchScreen.storyboard in Resources */ = {isa = PBXBuildFile; fileRef = 181369F61E4E53890015FA8C /* LaunchScreen.storyboard */; };
		18136A031E4E53890015FA8C /* FooTrackerTests.swift in Sources */ = {isa = PBXBuildFile; fileRef = 18136A021E4E53890015FA8C /* FooTrackerTests.swift */; };
		1896321D1E59F18800A66321 /* No Image Selected.png in Resources */ = {isa = PBXBuildFile; fileRef = 1896321C1E59F18800A66321 /* No Image Selected.png */; };
		1896321F1E59F1A000A66321 /* rishabh in Resources */ = {isa = PBXBuildFile; fileRef = 1896321E1E59F1A000A66321 /* rishabh */; };
		189632211E59F1CD00A66321 /* rishabh in Resources */ = {isa = PBXBuildFile; fileRef = 189632201E59F1CC00A66321 /* rishabh */; };
		189632231E59F28300A66321 /* NoImageSelected.png in Resources */ = {isa = PBXBuildFile; fileRef = 189632221E59F28200A66321 /* NoImageSelected.png */; };
/* End PBXBuildFile section */

/* Begin PBXContainerItemProxy section */
		181369FF1E4E53890015FA8C /* PBXContainerItemProxy */ = {
			isa = PBXContainerItemProxy;
			containerPortal = 181369E21E4E53890015FA8C /* Project object */;
			proxyType = 1;
			remoteGlobalIDString = 181369E91E4E53890015FA8C;
			remoteInfo = FooTracker;
		};
/* End PBXContainerItemProxy section */

/* Begin PBXFileReference section */
		181369EA1E4E53890015FA8C /* FooTracker.app */ = {isa = PBXFileReference; explicitFileType = wrapper.application; includeInIndex = 0; path = FooTracker.app; sourceTree = BUILT_PRODUCTS_DIR; };
		181369ED1E4E53890015FA8C /* AppDelegate.swift */ = {isa = PBXFileReference; lastKnownFileType = sourcecode.swift; path = AppDelegate.swift; sourceTree = "<group>"; };
		181369EF1E4E53890015FA8C /* ViewController.swift */ = {isa = PBXFileReference; lastKnownFileType = sourcecode.swift; path = ViewController.swift; sourceTree = "<group>"; };
		181369F21E4E53890015FA8C /* Base */ = {isa = PBXFileReference; lastKnownFileType = file.storyboard; name = Base; path = Base.lproj/Main.storyboard; sourceTree = "<group>"; };
		181369F41E4E53890015FA8C /* Assets.xcassets */ = {isa = PBXFileReference; lastKnownFileType = folder.assetcatalog; path = Assets.xcassets; sourceTree = "<group>"; };
		181369F71E4E53890015FA8C /* Base */ = {isa = PBXFileReference; lastKnownFileType = file.storyboard; name = Base; path = Base.lproj/LaunchScreen.storyboard; sourceTree = "<group>"; };
		181369F91E4E53890015FA8C /* Info.plist */ = {isa = PBXFileReference; lastKnownFileType = text.plist.xml; path = Info.plist; sourceTree = "<group>"; };
		181369FE1E4E53890015FA8C /* FooTrackerTests.xctest */ = {isa = PBXFileReference; explicitFileType = wrapper.cfbundle; includeInIndex = 0; path = FooTrackerTests.xctest; sourceTree = BUILT_PRODUCTS_DIR; };
		18136A021E4E53890015FA8C /* FooTrackerTests.swift */ = {isa = PBXFileReference; lastKnownFileType = sourcecode.swift; path = FooTrackerTests.swift; sourceTree = "<group>"; };
		18136A041E4E53890015FA8C /* Info.plist */ = {isa = PBXFileReference; lastKnownFileType = text.plist.xml; path = Info.plist; sourceTree = "<group>"; };
		1896321C1E59F18800A66321 /* No Image Selected.png */ = {isa = PBXFileReference; lastKnownFileType = image.png; name = "No Image Selected.png"; path = "../../../No Image Selected.png"; sourceTree = "<group>"; };
		1896321E1E59F1A000A66321 /* rishabh */ = {isa = PBXFileReference; lastKnownFileType = folder; name = rishabh; path = ../../..; sourceTree = "<group>"; };
		189632201E59F1CC00A66321 /* rishabh */ = {isa = PBXFileReference; lastKnownFileType = folder; name = rishabh; path = ../../..; sourceTree = "<group>"; };
		189632221E59F28200A66321 /* NoImageSelected.png */ = {isa = PBXFileReference; lastKnownFileType = image.png; name = NoImageSelected.png; path = ../../../NoImageSelected.png; sourceTree = "<group>"; };
/* End PBXFileReference section */

/* Begin PBXFrameworksBuildPhase section */
		181369E71E4E53890015FA8C /* Frameworks */ = {
			isa = PBXFrameworksBuildPhase;
			buildActionMask = 2147483647;
			files = (
			);
			runOnlyForDeploymentPostprocessing = 0;
		};
		181369FB1E4E53890015FA8C /* Frameworks */ = {
			isa = PBXFrameworksBuildPhase;
			buildActionMask = 2147483647;
			files = (
			);
			runOnlyForDeploymentPostprocessing = 0;
		};
/* End PBXFrameworksBuildPhase section */

/* Begin PBXGroup section */
		181369E11E4E53890015FA8C = {
			isa = PBXGroup;
			children = (
				189632221E59F28200A66321 /* NoImageSelected.png */,
				189632201E59F1CC00A66321 /* rishabh */,
				1896321E1E59F1A000A66321 /* rishabh */,
				1896321C1E59F18800A66321 /* No Image Selected.png */,
				181369EC1E4E53890015FA8C /* FooTracker */,
				18136A011E4E53890015FA8C /* FooTrackerTests */,
				181369EB1E4E53890015FA8C /* Products */,
			);
			sourceTree = "<group>";
		};
		181369EB1E4E53890015FA8C /* Products */ = {
			isa = PBXGroup;
			children = (
				181369EA1E4E53890015FA8C /* FooTracker.app */,
				181369FE1E4E53890015FA8C /* FooTrackerTests.xctest */,
			);
			name = Products;
			sourceTree = "<group>";
		};
		181369EC1E4E53890015FA8C /* FooTracker */ = {
			isa = PBXGroup;
			children = (
				181369ED1E4E53890015FA8C /* AppDelegate.swift */,
				181369EF1E4E53890015FA8C /* ViewController.swift */,
				181369F11E4E53890015FA8C /* Main.storyboard */,
				181369F41E4E53890015FA8C /* Assets.xcassets */,
				181369F61E4E53890015FA8C /* LaunchScreen.storyboard */,
				181369F91E4E53890015FA8C /* Info.plist */,
			);
			path = FooTracker;
			sourceTree = "<group>";
		};
		18136A011E4E53890015FA8C /* FooTrackerTests */ = {
			isa = PBXGroup;
			children = (
				18136A021E4E53890015FA8C /* FooTrackerTests.swift */,
				18136A041E4E53890015FA8C /* Info.plist */,
			);
			path = FooTrackerTests;
			sourceTree = "<group>";
		};
/* End PBXGroup section */

/* Begin PBXNativeTarget section */
		181369E91E4E53890015FA8C /* FooTracker */ = {
			isa = PBXNativeTarget;
			buildConfigurationList = 18136A071E4E53890015FA8C /* Build configuration list for PBXNativeTarget "FooTracker" */;
			buildPhases = (
				181369E61E4E53890015FA8C /* Sources */,
				181369E71E4E53890015FA8C /* Frameworks */,
				181369E81E4E53890015FA8C /* Resources */,
			);
			buildRules = (
			);
			dependencies = (
			);
			name = FooTracker;
			productName = FooTracker;
			productReference = 181369EA1E4E53890015FA8C /* FooTracker.app */;
			productType = "com.apple.product-type.application";
		};
		181369FD1E4E53890015FA8C /* FooTrackerTests */ = {
			isa = PBXNativeTarget;
			buildConfigurationList = 18136A0A1E4E53890015FA8C /* Build configuration list for PBXNativeTarget "FooTrackerTests" */;
			buildPhases = (
				181369FA1E4E53890015FA8C /* Sources */,
				181369FB1E4E53890015FA8C /* Frameworks */,
				181369FC1E4E53890015FA8C /* Resources */,
			);
			buildRules = (
			);
			dependencies = (
				18136A001E4E53890015FA8C /* PBXTargetDependency */,
			);
			name = FooTrackerTests;
			productName = FooTrackerTests;
			productReference = 181369FE1E4E53890015FA8C /* FooTrackerTests.xctest */;
			productType = "com.apple.product-type.bundle.unit-test";
		};
/* End PBXNativeTarget section */

/* Begin PBXProject section */
		181369E21E4E53890015FA8C /* Project object */ = {
			isa = PBXProject;
			attributes = {
				LastSwiftUpdateCheck = 0820;
				LastUpgradeCheck = 0820;
				ORGANIZATIONNAME = "Rishabh Bhandari";
				TargetAttributes = {
					181369E91E4E53890015FA8C = {
						CreatedOnToolsVersion = 8.2.1;
						DevelopmentTeam = 8YU3GVGEA4;
						ProvisioningStyle = Automatic;
					};
					181369FD1E4E53890015FA8C = {
						CreatedOnToolsVersion = 8.2.1;
						DevelopmentTeam = 8YU3GVGEA4;
						ProvisioningStyle = Automatic;
						TestTargetID = 181369E91E4E53890015FA8C;
					};
				};
			};
			buildConfigurationList = 181369E51E4E53890015FA8C /* Build configuration list for PBXProject "FooTracker" */;
			compatibilityVersion = "Xcode 3.2";
			developmentRegion = English;
			hasScannedForEncodings = 0;
			knownRegions = (
				en,
				Base,
			);
			mainGroup = 181369E11E4E53890015FA8C;
			productRefGroup = 181369EB1E4E53890015FA8C /* Products */;
			projectDirPath = "";
			projectRoot = "";
			targets = (
				181369E91E4E53890015FA8C /* FooTracker */,
				181369FD1E4E53890015FA8C /* FooTrackerTests */,
			);
		};
/* End PBXProject section */

/* Begin PBXResourcesBuildPhase section */
		181369E81E4E53890015FA8C /* Resources */ = {
			isa = PBXResourcesBuildPhase;
			buildActionMask = 2147483647;
			files = (
				189632211E59F1CD00A66321 /* rishabh in Resources */,
				181369F81E4E53890015FA8C /* LaunchScreen.storyboard in Resources */,
				1896321D1E59F18800A66321 /* No Image Selected.png in Resources */,
				181369F51E4E53890015FA8C /* Assets.xcassets in Resources */,
				181369F31E4E53890015FA8C /* Main.storyboard in Resources */,
				189632231E59F28300A66321 /* NoImageSelected.png in Resources */,
				1896321F1E59F1A000A66321 /* rishabh in Resources */,
			);
			runOnlyForDeploymentPostprocessing = 0;
		};
		181369FC1E4E53890015FA8C /* Resources */ = {
			isa = PBXResourcesBuildPhase;
			buildActionMask = 2147483647;
			files = (
			);
			runOnlyForDeploymentPostprocessing = 0;
		};
/* End PBXResourcesBuildPhase section */

/* Begin PBXSourcesBuildPhase section */
		181369E61E4E53890015FA8C /* Sources */ = {
			isa = PBXSourcesBuildPhase;
			buildActionMask = 2147483647;
			files = (
				181369F01E4E53890015FA8C /* ViewController.swift in Sources */,
				181369EE1E4E53890015FA8C /* AppDelegate.swift in Sources */,
			);
			runOnlyForDeploymentPostprocessing = 0;
		};
		181369FA1E4E53890015FA8C /* Sources */ = {
			isa = PBXSourcesBuildPhase;
			buildActionMask = 2147483647;
			files = (
				18136A031E4E53890015FA8C /* FooTrackerTests.swift in Sources */,
			);
			runOnlyForDeploymentPostprocessing = 0;
		};
/* End PBXSourcesBuildPhase section */

/* Begin PBXTargetDependency section */
		18136A001E4E53890015FA8C /* PBXTargetDependency */ = {
			isa = PBXTargetDependency;
			target = 181369E91E4E53890015FA8C /* FooTracker */;
			targetProxy = 181369FF1E4E53890015FA8C /* PBXContainerItemProxy */;
		};
/* End PBXTargetDependency section */

/* Begin PBXVariantGroup section */
		181369F11E4E53890015FA8C /* Main.storyboard */ = {
			isa = PBXVariantGroup;
			children = (
				181369F21E4E53890015FA8C /* Base */,
			);
			name = Main.storyboard;
			sourceTree = "<group>";
		};
		181369F61E4E53890015FA8C /* LaunchScreen.storyboard */ = {
			isa = PBXVariantGroup;
			children = (
				181369F71E4E53890015FA8C /* Base */,
			);
			name = LaunchScreen.storyboard;
			sourceTree = "<group>";
		};
/* End PBXVariantGroup section */

/* Begin XCBuildConfiguration section */
		18136A051E4E53890015FA8C /* Debug */ = {
			isa = XCBuildConfiguration;
			buildSettings = {
				ALWAYS_SEARCH_USER_PATHS = NO;
				CLANG_ANALYZER_NONNULL = YES;
				CLANG_CXX_LANGUAGE_STANDARD = "gnu++0x";
				CLANG_CXX_LIBRARY = "libc++";
				CLANG_ENABLE_MODULES = YES;
				CLANG_ENABLE_OBJC_ARC = YES;
				CLANG_WARN_BOOL_CONVERSION = YES;
				CLANG_WARN_CONSTANT_CONVERSION = YES;
				CLANG_WARN_DIRECT_OBJC_ISA_USAGE = YES_ERROR;
				CLANG_WARN_DOCUMENTATION_COMMENTS = YES;
				CLANG_WARN_EMPTY_BODY = YES;
				CLANG_WARN_ENUM_CONVERSION = YES;
				CLANG_WARN_INFINITE_RECURSION = YES;
				CLANG_WARN_INT_CONVERSION = YES;
				CLANG_WARN_OBJC_ROOT_CLASS = YES_ERROR;
				CLANG_WARN_SUSPICIOUS_MOVE = YES;
				CLANG_WARN_UNREACHABLE_CODE = YES;
				CLANG_WARN__DUPLICATE_METHOD_MATCH = YES;
				"CODE_SIGN_IDENTITY[sdk=iphoneos*]" = "iPhone Developer";
				COPY_PHASE_STRIP = NO;
				DEBUG_INFORMATION_FORMAT = dwarf;
				ENABLE_STRICT_OBJC_MSGSEND = YES;
				ENABLE_TESTABILITY = YES;
				GCC_C_LANGUAGE_STANDARD = gnu99;
				GCC_DYNAMIC_NO_PIC = NO;
				GCC_NO_COMMON_BLOCKS = YES;
				GCC_OPTIMIZATION_LEVEL = 0;
				GCC_PREPROCESSOR_DEFINITIONS = (
					"DEBUG=1",
					"$(inherited)",
				);
				GCC_WARN_64_TO_32_BIT_CONVERSION = YES;
				GCC_WARN_ABOUT_RETURN_TYPE = YES_ERROR;
				GCC_WARN_UNDECLARED_SELECTOR = YES;
				GCC_WARN_UNINITIALIZED_AUTOS = YES_AGGRESSIVE;
				GCC_WARN_UNUSED_FUNCTION = YES;
				GCC_WARN_UNUSED_VARIABLE = YES;
				IPHONEOS_DEPLOYMENT_TARGET = 10.2;
				MTL_ENABLE_DEBUG_INFO = YES;
				ONLY_ACTIVE_ARCH = YES;
				SDKROOT = iphoneos;
				SWIFT_ACTIVE_COMPILATION_CONDITIONS = DEBUG;
				SWIFT_OPTIMIZATION_LEVEL = "-Onone";
				TARGETED_DEVICE_FAMILY = "1,2";
			};
			name = Debug;
		};
		18136A061E4E53890015FA8C /* Release */ = {
			isa = XCBuildConfiguration;
			buildSettings = {
				ALWAYS_SEARCH_USER_PATHS = NO;
				CLANG_ANALYZER_NONNULL = YES;
				CLANG_CXX_LANGUAGE_STANDARD = "gnu++0x";
				CLANG_CXX_LIBRARY = "libc++";
				CLANG_ENABLE_MODULES = YES;
				CLANG_ENABLE_OBJC_ARC = YES;
				CLANG_WARN_BOOL_CONVERSION = YES;
				CLANG_WARN_CONSTANT_CONVERSION = YES;
				CLANG_WARN_DIRECT_OBJC_ISA_USAGE = YES_ERROR;
				CLANG_WARN_DOCUMENTATION_COMMENTS = YES;
				CLANG_WARN_EMPTY_BODY = YES;
				CLANG_WARN_ENUM_CONVERSION = YES;
				CLANG_WARN_INFINITE_RECURSION = YES;
				CLANG_WARN_INT_CONVERSION = YES;
				CLANG_WARN_OBJC_ROOT_CLASS = YES_ERROR;
				CLANG_WARN_SUSPICIOUS_MOVE = YES;
				CLANG_WARN_UNREACHABLE_CODE = YES;
				CLANG_WARN__DUPLICATE_METHOD_MATCH = YES;
				"CODE_SIGN_IDENTITY[sdk=iphoneos*]" = "iPhone Developer";
				COPY_PHASE_STRIP = NO;
				DEBUG_INFORMATION_FORMAT = "dwarf-with-dsym";
				ENABLE_NS_ASSERTIONS = NO;
				ENABLE_STRICT_OBJC_MSGSEND = YES;
				GCC_C_LANGUAGE_STANDARD = gnu99;
				GCC_NO_COMMON_BLOCKS = YES;
				GCC_WARN_64_TO_32_BIT_CONVERSION = YES;
				GCC_WARN_ABOUT_RETURN_TYPE = YES_ERROR;
				GCC_WARN_UNDECLARED_SELECTOR = YES;
				GCC_WARN_UNINITIALIZED_AUTOS = YES_AGGRESSIVE;
				GCC_WARN_UNUSED_FUNCTION = YES;
				GCC_WARN_UNUSED_VARIABLE = YES;
				IPHONEOS_DEPLOYMENT_TARGET = 10.2;
				MTL_ENABLE_DEBUG_INFO = NO;
				SDKROOT = iphoneos;
				SWIFT_OPTIMIZATION_LEVEL = "-Owholemodule";
				TARGETED_DEVICE_FAMILY = "1,2";
				VALIDATE_PRODUCT = YES;
			};
			name = Release;
		};
		18136A081E4E53890015FA8C /* Debug */ = {
			isa = XCBuildConfiguration;
			buildSettings = {
				ASSETCATALOG_COMPILER_APPICON_NAME = AppIcon;
				DEVELOPMENT_TEAM = 8YU3GVGEA4;
				INFOPLIST_FILE = FooTracker/Info.plist;
				LD_RUNPATH_SEARCH_PATHS = "$(inherited) @executable_path/Frameworks";
				PRODUCT_BUNDLE_IDENTIFIER = com.orion.FooTracker;
				PRODUCT_NAME = "$(TARGET_NAME)";
				SWIFT_VERSION = 3.0;
			};
			name = Debug;
		};
		18136A091E4E53890015FA8C /* Release */ = {
			isa = XCBuildConfiguration;
			buildSettings = {
				ASSETCATALOG_COMPILER_APPICON_NAME = AppIcon;
				DEVELOPMENT_TEAM = 8YU3GVGEA4;
				INFOPLIST_FILE = FooTracker/Info.plist;
				LD_RUNPATH_SEARCH_PATHS = "$(inherited) @executable_path/Frameworks";
				PRODUCT_BUNDLE_IDENTIFIER = com.orion.FooTracker;
				PRODUCT_NAME = "$(TARGET_NAME)";
				SWIFT_VERSION = 3.0;
			};
			name = Release;
		};
		18136A0B1E4E53890015FA8C /* Debug */ = {
			isa = XCBuildConfiguration;
			buildSettings = {
				ALWAYS_EMBED_SWIFT_STANDARD_LIBRARIES = YES;
				BUNDLE_LOADER = "$(TEST_HOST)";
				DEVELOPMENT_TEAM = 8YU3GVGEA4;
				INFOPLIST_FILE = FooTrackerTests/Info.plist;
				LD_RUNPATH_SEARCH_PATHS = "$(inherited) @executable_path/Frameworks @loader_path/Frameworks";
				PRODUCT_BUNDLE_IDENTIFIER = com.orion.FooTrackerTests;
				PRODUCT_NAME = "$(TARGET_NAME)";
				SWIFT_VERSION = 3.0;
				TEST_HOST = "$(BUILT_PRODUCTS_DIR)/FooTracker.app/FooTracker";
			};
			name = Debug;
		};
		18136A0C1E4E53890015FA8C /* Release */ = {
			isa = XCBuildConfiguration;
			buildSettings = {
				ALWAYS_EMBED_SWIFT_STANDARD_LIBRARIES = YES;
				BUNDLE_LOADER = "$(TEST_HOST)";
				DEVELOPMENT_TEAM = 8YU3GVGEA4;
				INFOPLIST_FILE = FooTrackerTests/Info.plist;
				LD_RUNPATH_SEARCH_PATHS = "$(inherited) @executable_path/Frameworks @loader_path/Frameworks";
				PRODUCT_BUNDLE_IDENTIFIER = com.orion.FooTrackerTests;
				PRODUCT_NAME = "$(TARGET_NAME)";
				SWIFT_VERSION = 3.0;
				TEST_HOST = "$(BUILT_PRODUCTS_DIR)/FooTracker.app/FooTracker";
			};
			name = Release;
		};
/* End XCBuildConfiguration section */

/* Begin XCConfigurationList section */
		181369E51E4E53890015FA8C /* Build configuration list for PBXProject "FooTracker" */ = {
			isa = XCConfigurationList;
			buildConfigurations = (
				18136A051E4E53890015FA8C /* Debug */,
				18136A061E4E53890015FA8C /* Release */,
			);
			defaultConfigurationIsVisible = 0;
			defaultConfigurationName = Release;
		};
		18136A071E4E53890015FA8C /* Build configuration list for PBXNativeTarget "FooTracker" */ = {
			isa = XCConfigurationList;
			buildConfigurations = (
				18136A081E4E53890015FA8C /* Debug */,
				18136A091E4E53890015FA8C /* Release */,
			);
			defaultConfigurationIsVisible = 0;
			defaultConfigurationName = Release;
		};
		18136A0A1E4E53890015FA8C /* Build configuration list for PBXNativeTarget "FooTrackerTests" */ = {
			isa = XCConfigurationList;
			buildConfigurations = (
				18136A0B1E4E53890015FA8C /* Debug */,
				18136A0C1E4E53890015FA8C /* Release */,
			);
			defaultConfigurationIsVisible = 0;
			defaultConfigurationName = Release;
		};
/* End XCConfigurationList section */
	};
	rootObject = 181369E21E4E53890015FA8C /* Project object */;
}
